
Microsoft Visual Studio Solution File, Format Version 12.00
# Visual Studio Version 17
VisualStudioVersion = 17.8.34525.116
MinimumVisualStudioVersion = 10.0.40219.1
Project("{FAE04EC0-301F-11D3-BF4B-00C04F79EFBC}") = "Sales.Shared", "Sales.Shared\Sales.Shared.csproj", "{7AFB2D14-C1E7-414E-8157-1D1AEB22EBB7}"
EndProject
Project("{FAE04EC0-301F-11D3-BF4B-00C04F79EFBC}") = "Sales.APi", "Sales.APi\Sales.APi.csproj", "{61359DEA-4626-426F-BBAC-FA9C117F38EA}"
EndProject
Project("{FAE04EC0-301F-11D3-BF4B-00C04F79EFBC}") = "Blazor.WEB", "Blazor.WEB\Blazor.WEB.csproj", "{5ABA9464-A0FF-4B2C-B8F1-C09474998428}"
EndProject
Project("{FAE04EC0-301F-11D3-BF4B-00C04F79EFBC}") = "Sales.Mobile", "Sales.Mobile\Sales.Mobile.csproj", "{FD0BA071-EDA3-4D25-B507-A5BFE31F79F4}"
EndProject
Global
	GlobalSection(SolutionConfigurationPlatforms) = preSolution
		Debug|Any CPU = Debug|Any CPU
		Release|Any CPU = Release|Any CPU
	EndGlobalSection
	GlobalSection(ProjectConfigurationPlatforms) = postSolution
		{7AFB2D14-C1E7-414E-8157-1D1AEB22EBB7}.Debug|Any CPU.ActiveCfg = Debug|Any CPU
		{7AFB2D14-C1E7-414E-8157-1D1AEB22EBB7}.Debug|Any CPU.Build.0 = Debug|Any CPU
		{7AFB2D14-C1E7-414E-8157-1D1AEB22EBB7}.Release|Any CPU.ActiveCfg = Release|Any CPU
		{7AFB2D14-C1E7-414E-8157-1D1AEB22EBB7}.Release|Any CPU.Build.0 = Release|Any CPU
		{61359DEA-4626-426F-BBAC-FA9C117F38EA}.Debug|Any CPU.ActiveCfg = Debug|Any CPU
		{61359DEA-4626-426F-BBAC-FA9C117F38EA}.Debug|Any CPU.Build.0 = Debug|Any CPU
		{61359DEA-4626-426F-BBAC-FA9C117F38EA}.Release|Any CPU.ActiveCfg = Release|Any CPU
		{61359DEA-4626-426F-BBAC-FA9C117F38EA}.Release|Any CPU.Build.0 = Release|Any CPU
		{5ABA9464-A0FF-4B2C-B8F1-C09474998428}.Debug|Any CPU.ActiveCfg = Debug|Any CPU
		{5ABA9464-A0FF-4B2C-B8F1-C09474998428}.Debug|Any CPU.Build.0 = Debug|Any CPU
		{5ABA9464-A0FF-4B2C-B8F1-C09474998428}.Release|Any CPU.ActiveCfg = Release|Any CPU
		{5ABA9464-A0FF-4B2C-B8F1-C09474998428}.Release|Any CPU.Build.0 = Release|Any CPU
		{FD0BA071-EDA3-4D25-B507-A5BFE31F79F4}.Debug|Any CPU.ActiveCfg = Debug|Any CPU
		{FD0BA071-EDA3-4D25-B507-A5BFE31F79F4}.Debug|Any CPU.Build.0 = Debug|Any CPU
		{FD0BA071-EDA3-4D25-B507-A5BFE31F79F4}.Debug|Any CPU.Deploy.0 = Debug|Any CPU
		{FD0BA071-EDA3-4D25-B507-A5BFE31F79F4}.Release|Any CPU.ActiveCfg = Release|Any CPU
		{FD0BA071-EDA3-4D25-B507-A5BFE31F79F4}.Release|Any CPU.Build.0 = Release|Any CPU
		{FD0BA071-EDA3-4D25-B507-A5BFE31F79F4}.Release|Any CPU.Deploy.0 = Release|Any CPU
	EndGlobalSection
	GlobalSection(SolutionProperties) = preSolution
		HideSolutionNode = FALSE
	EndGlobalSection
	GlobalSection(ExtensibilityGlobals) = postSolution
		SolutionGuid = {B95C0EAE-2FC0-4984-90F8-BB0BD7396640}
	EndGlobalSection
EndGlobal
